
Microsoft Visual Studio Solution File, Format Version 12.00
# Visual Studio Express 2012 for Web
Project("{FAE04EC0-301F-11D3-BF4B-00C04F79EFBC}") = "IxoriMVC", "IxoriMVC\IxoriMVC.csproj", "{529D4314-94CD-4024-9C22-3D123B04CB90}"
EndProject
Global
	GlobalSection(SolutionConfigurationPlatforms) = preSolution
		Debug|Any CPU = Debug|Any CPU
		Release|Any CPU = Release|Any CPU
	EndGlobalSection
	GlobalSection(ProjectConfigurationPlatforms) = postSolution
		{529D4314-94CD-4024-9C22-3D123B04CB90}.Debug|Any CPU.ActiveCfg = Debug|Any CPU
		{529D4314-94CD-4024-9C22-3D123B04CB90}.Debug|Any CPU.Build.0 = Debug|Any CPU
		{529D4314-94CD-4024-9C22-3D123B04CB90}.Release|Any CPU.ActiveCfg = Release|Any CPU
		{529D4314-94CD-4024-9C22-3D123B04CB90}.Release|Any CPU.Build.0 = Release|Any CPU
	EndGlobalSection
	GlobalSection(SolutionProperties) = preSolution
		HideSolutionNode = FALSE
	EndGlobalSection
EndGlobal
